{
	"name": "@andrewbranch/untar.js",
	"version": "1.0.3",
	"lockfileVersion": 2,
	"requires": true,
	"packages": {
		"": {
			"name": "@andrewbranch/untar.js",
			"version": "1.0.3",
			"devDependencies": {
				"typescript": "^5.0.0-dev.20230223"
			}
		},
		"node_modules/typescript": {
			"version": "5.0.0-dev.20230223",
			"resolved": "https://registry.npmjs.org/typescript/-/typescript-5.0.0-dev.20230223.tgz",
			"integrity": "sha512-dUsdRdWs5mX+5uhIGuE1IEkfTzM5vY9qfVxIbRB3vxVINGEI8mS9/f3gs5xenafNblfMX8wUVvQ7y2x6Syk0tA==",
			"dev": true,
			"bin": {
				"tsc": "bin/tsc",
				"tsserver": "bin/tsserver"
			},
			"engines": {
				"node": ">=4.2.0"
			}
		}
	},
	"dependencies": {
		"typescript": {
			"version": "5.0.0-dev.20230223",
			"resolved": "https://registry.npmjs.org/typescript/-/typescript-5.0.0-dev.20230223.tgz",
			"integrity": "sha512-dUsdRdWs5mX+5uhIGuE1IEkfTzM5vY9qfVxIbRB3vxVINGEI8mS9/f3gs5xenafNblfMX8wUVvQ7y2x6Syk0tA==",
			"dev": true
		}
	}
}
